// !$*UTF8*$!
{
	archiveVersion = 1;
	classes = {
	};
	objectVersion = 56;
	objects = {

/* Begin PBXBuildFile section */
		353A917E2AF885B4002D6766 /* SegmentControlProfile.swift in Sources */ = {isa = PBXBuildFile; fileRef = 353A917D2AF885B4002D6766 /* SegmentControlProfile.swift */; };
		353F49FA2B00D58600915B04 /* NeueMachina-Regular.ttf in Resources */ = {isa = PBXBuildFile; fileRef = 353F49F32B00D58500915B04 /* NeueMachina-Regular.ttf */; };
		353F49FB2B00D58600915B04 /* NeueMachina-Black.ttf in Resources */ = {isa = PBXBuildFile; fileRef = 353F49F42B00D58500915B04 /* NeueMachina-Black.ttf */; };
		353F49FC2B00D58600915B04 /* NeueMachina-Light.ttf in Resources */ = {isa = PBXBuildFile; fileRef = 353F49F52B00D58500915B04 /* NeueMachina-Light.ttf */; };
		353F49FD2B00D58600915B04 /* NeueMachina-Bold.ttf in Resources */ = {isa = PBXBuildFile; fileRef = 353F49F62B00D58500915B04 /* NeueMachina-Bold.ttf */; };
		353F49FE2B00D58600915B04 /* NeueMachina-Medium.ttf in Resources */ = {isa = PBXBuildFile; fileRef = 353F49F72B00D58500915B04 /* NeueMachina-Medium.ttf */; };
		353F49FF2B00D58600915B04 /* NeueMachina-Ultrabold.ttf in Resources */ = {isa = PBXBuildFile; fileRef = 353F49F82B00D58600915B04 /* NeueMachina-Ultrabold.ttf */; };
		353F4A002B00D58600915B04 /* NeueMachina-Ultralight.ttf in Resources */ = {isa = PBXBuildFile; fileRef = 353F49F92B00D58600915B04 /* NeueMachina-Ultralight.ttf */; };
		353F4A2D2B00E8A100915B04 /* Geometria-Light.ttf in Resources */ = {isa = PBXBuildFile; fileRef = 353F4A1D2B00E8A000915B04 /* Geometria-Light.ttf */; };
		353F4A2E2B00E8A100915B04 /* Geometria-ExtraLight.ttf in Resources */ = {isa = PBXBuildFile; fileRef = 353F4A1E2B00E8A000915B04 /* Geometria-ExtraLight.ttf */; };
		353F4A2F2B00E8A100915B04 /* Geometria-ExtraBold.ttf in Resources */ = {isa = PBXBuildFile; fileRef = 353F4A1F2B00E8A000915B04 /* Geometria-ExtraBold.ttf */; };
		353F4A302B00E8A100915B04 /* Geometria-ExtraLightItalic.ttf in Resources */ = {isa = PBXBuildFile; fileRef = 353F4A202B00E8A000915B04 /* Geometria-ExtraLightItalic.ttf */; };
		353F4A312B00E8A100915B04 /* Geometria-Medium.ttf in Resources */ = {isa = PBXBuildFile; fileRef = 353F4A212B00E8A100915B04 /* Geometria-Medium.ttf */; };
		353F4A322B00E8A100915B04 /* Geometria-BoldItalic.ttf in Resources */ = {isa = PBXBuildFile; fileRef = 353F4A222B00E8A100915B04 /* Geometria-BoldItalic.ttf */; };
		353F4A332B00E8A100915B04 /* Geometria-MediumItalic.ttf in Resources */ = {isa = PBXBuildFile; fileRef = 353F4A232B00E8A100915B04 /* Geometria-MediumItalic.ttf */; };
		353F4A342B00E8A100915B04 /* Geometria-HeavyItalic.ttf in Resources */ = {isa = PBXBuildFile; fileRef = 353F4A242B00E8A100915B04 /* Geometria-HeavyItalic.ttf */; };
		353F4A352B00E8A100915B04 /* Geometria-Thin.ttf in Resources */ = {isa = PBXBuildFile; fileRef = 353F4A252B00E8A100915B04 /* Geometria-Thin.ttf */; };
		353F4A362B00E8A100915B04 /* Geometria-Bold.ttf in Resources */ = {isa = PBXBuildFile; fileRef = 353F4A262B00E8A100915B04 /* Geometria-Bold.ttf */; };
		353F4A372B00E8A100915B04 /* Geometria-ExtraBoldItalic.ttf in Resources */ = {isa = PBXBuildFile; fileRef = 353F4A272B00E8A100915B04 /* Geometria-ExtraBoldItalic.ttf */; };
		353F4A382B00E8A100915B04 /* Geometria-Heavy.ttf in Resources */ = {isa = PBXBuildFile; fileRef = 353F4A282B00E8A100915B04 /* Geometria-Heavy.ttf */; };
		353F4A392B00E8A100915B04 /* Geometria-LightItalic.ttf in Resources */ = {isa = PBXBuildFile; fileRef = 353F4A292B00E8A100915B04 /* Geometria-LightItalic.ttf */; };
		353F4A3A2B00E8A100915B04 /* Geometria.ttf in Resources */ = {isa = PBXBuildFile; fileRef = 353F4A2A2B00E8A100915B04 /* Geometria.ttf */; };
		353F4A3B2B00E8A100915B04 /* Geometria-Italic.ttf in Resources */ = {isa = PBXBuildFile; fileRef = 353F4A2B2B00E8A100915B04 /* Geometria-Italic.ttf */; };
		353F4A3C2B00E8A100915B04 /* Geometria-ThinItalic.ttf in Resources */ = {isa = PBXBuildFile; fileRef = 353F4A2C2B00E8A100915B04 /* Geometria-ThinItalic.ttf */; };
		353F4A3E2B00E9C400915B04 /* MeetsView.swift in Sources */ = {isa = PBXBuildFile; fileRef = 353F4A3D2B00E9C400915B04 /* MeetsView.swift */; };
		353F4A402B0139EB00915B04 /* MeetFiltersView.swift in Sources */ = {isa = PBXBuildFile; fileRef = 353F4A3F2B0139EB00915B04 /* MeetFiltersView.swift */; };
		353F4A442B020CE000915B04 /* SettingsView.swift in Sources */ = {isa = PBXBuildFile; fileRef = 353F4A432B020CE000915B04 /* SettingsView.swift */; };
		353F4A462B02227C00915B04 /* UIUtils.swift in Sources */ = {isa = PBXBuildFile; fileRef = 353F4A452B02227C00915B04 /* UIUtils.swift */; };
		353F4A932B03A57900915B04 /* Swiper.swift in Sources */ = {isa = PBXBuildFile; fileRef = 353F4A922B03A57900915B04 /* Swiper.swift */; };
		353F4A982B04FFBA00915B04 /* MeetsData.swift in Sources */ = {isa = PBXBuildFile; fileRef = 353F4A972B04FFBA00915B04 /* MeetsData.swift */; };
		353F4A9B2B050ACD00915B04 /* UserModel.swift in Sources */ = {isa = PBXBuildFile; fileRef = 353F4A9A2B050ACD00915B04 /* UserModel.swift */; };
		353F4A9D2B050AF600915B04 /* MeetModel.swift in Sources */ = {isa = PBXBuildFile; fileRef = 353F4A9C2B050AF600915B04 /* MeetModel.swift */; };
		355A02A52AFDD1D8007B6C1E /* StrangerProfileView.swift in Sources */ = {isa = PBXBuildFile; fileRef = 355A02A42AFDD1D8007B6C1E /* StrangerProfileView.swift */; };
		359E27F92AF5C2A100F95276 /* DetailedInformationView.swift in Sources */ = {isa = PBXBuildFile; fileRef = 359E27F82AF5C2A100F95276 /* DetailedInformationView.swift */; };
		359E27FB2AF6397700F95276 /* CalendarView.swift in Sources */ = {isa = PBXBuildFile; fileRef = 359E27FA2AF6397700F95276 /* CalendarView.swift */; };
		35B426412AE87CA900ECF0AB /* GTApp.swift in Sources */ = {isa = PBXBuildFile; fileRef = 35B426402AE87CA900ECF0AB /* GTApp.swift */; };
		35B426432AE87CA900ECF0AB /* ContentView.swift in Sources */ = {isa = PBXBuildFile; fileRef = 35B426422AE87CA900ECF0AB /* ContentView.swift */; };
		35B426452AE87CAB00ECF0AB /* Assets.xcassets in Resources */ = {isa = PBXBuildFile; fileRef = 35B426442AE87CAB00ECF0AB /* Assets.xcassets */; };
		35B426482AE87CAB00ECF0AB /* Preview Assets.xcassets in Resources */ = {isa = PBXBuildFile; fileRef = 35B426472AE87CAB00ECF0AB /* Preview Assets.xcassets */; };
		35B793812AEB446C000D6780 /* TabBarView.swift in Sources */ = {isa = PBXBuildFile; fileRef = 35B793802AEB446C000D6780 /* TabBarView.swift */; };
		35B793832AEB44CD000D6780 /* ColorExtension.swift in Sources */ = {isa = PBXBuildFile; fileRef = 35B793822AEB44CD000D6780 /* ColorExtension.swift */; };
		35B793872AEB4792000D6780 /* ProfileView.swift in Sources */ = {isa = PBXBuildFile; fileRef = 35B793862AEB4792000D6780 /* ProfileView.swift */; };
		35B793892AEB479C000D6780 /* ChatsView.swift in Sources */ = {isa = PBXBuildFile; fileRef = 35B793882AEB479C000D6780 /* ChatsView.swift */; };
		35BB32522B13ACE0003F44A3 /* MeetsControls.swift in Sources */ = {isa = PBXBuildFile; fileRef = 35BB32512B13ACE0003F44A3 /* MeetsControls.swift */; };
/* End PBXBuildFile section */

/* Begin PBXFileReference section */
		353A917D2AF885B4002D6766 /* SegmentControlProfile.swift */ = {isa = PBXFileReference; lastKnownFileType = sourcecode.swift; path = SegmentControlProfile.swift; sourceTree = "<group>"; };
		353F49F32B00D58500915B04 /* NeueMachina-Regular.ttf */ = {isa = PBXFileReference; lastKnownFileType = file; path = "NeueMachina-Regular.ttf"; sourceTree = "<group>"; };
		353F49F42B00D58500915B04 /* NeueMachina-Black.ttf */ = {isa = PBXFileReference; lastKnownFileType = file; path = "NeueMachina-Black.ttf"; sourceTree = "<group>"; };
		353F49F52B00D58500915B04 /* NeueMachina-Light.ttf */ = {isa = PBXFileReference; lastKnownFileType = file; path = "NeueMachina-Light.ttf"; sourceTree = "<group>"; };
		353F49F62B00D58500915B04 /* NeueMachina-Bold.ttf */ = {isa = PBXFileReference; lastKnownFileType = file; path = "NeueMachina-Bold.ttf"; sourceTree = "<group>"; };
		353F49F72B00D58500915B04 /* NeueMachina-Medium.ttf */ = {isa = PBXFileReference; lastKnownFileType = file; path = "NeueMachina-Medium.ttf"; sourceTree = "<group>"; };
		353F49F82B00D58600915B04 /* NeueMachina-Ultrabold.ttf */ = {isa = PBXFileReference; lastKnownFileType = file; path = "NeueMachina-Ultrabold.ttf"; sourceTree = "<group>"; };
		353F49F92B00D58600915B04 /* NeueMachina-Ultralight.ttf */ = {isa = PBXFileReference; lastKnownFileType = file; path = "NeueMachina-Ultralight.ttf"; sourceTree = "<group>"; };
		353F4A1D2B00E8A000915B04 /* Geometria-Light.ttf */ = {isa = PBXFileReference; lastKnownFileType = file; path = "Geometria-Light.ttf"; sourceTree = "<group>"; };
		353F4A1E2B00E8A000915B04 /* Geometria-ExtraLight.ttf */ = {isa = PBXFileReference; lastKnownFileType = file; path = "Geometria-ExtraLight.ttf"; sourceTree = "<group>"; };
		353F4A1F2B00E8A000915B04 /* Geometria-ExtraBold.ttf */ = {isa = PBXFileReference; lastKnownFileType = file; path = "Geometria-ExtraBold.ttf"; sourceTree = "<group>"; };
		353F4A202B00E8A000915B04 /* Geometria-ExtraLightItalic.ttf */ = {isa = PBXFileReference; lastKnownFileType = file; path = "Geometria-ExtraLightItalic.ttf"; sourceTree = "<group>"; };
		353F4A212B00E8A100915B04 /* Geometria-Medium.ttf */ = {isa = PBXFileReference; lastKnownFileType = file; path = "Geometria-Medium.ttf"; sourceTree = "<group>"; };
		353F4A222B00E8A100915B04 /* Geometria-BoldItalic.ttf */ = {isa = PBXFileReference; lastKnownFileType = file; path = "Geometria-BoldItalic.ttf"; sourceTree = "<group>"; };
		353F4A232B00E8A100915B04 /* Geometria-MediumItalic.ttf */ = {isa = PBXFileReference; lastKnownFileType = file; path = "Geometria-MediumItalic.ttf"; sourceTree = "<group>"; };
		353F4A242B00E8A100915B04 /* Geometria-HeavyItalic.ttf */ = {isa = PBXFileReference; lastKnownFileType = file; path = "Geometria-HeavyItalic.ttf"; sourceTree = "<group>"; };
		353F4A252B00E8A100915B04 /* Geometria-Thin.ttf */ = {isa = PBXFileReference; lastKnownFileType = file; path = "Geometria-Thin.ttf"; sourceTree = "<group>"; };
		353F4A262B00E8A100915B04 /* Geometria-Bold.ttf */ = {isa = PBXFileReference; lastKnownFileType = file; path = "Geometria-Bold.ttf"; sourceTree = "<group>"; };
		353F4A272B00E8A100915B04 /* Geometria-ExtraBoldItalic.ttf */ = {isa = PBXFileReference; lastKnownFileType = file; path = "Geometria-ExtraBoldItalic.ttf"; sourceTree = "<group>"; };
		353F4A282B00E8A100915B04 /* Geometria-Heavy.ttf */ = {isa = PBXFileReference; lastKnownFileType = file; path = "Geometria-Heavy.ttf"; sourceTree = "<group>"; };
		353F4A292B00E8A100915B04 /* Geometria-LightItalic.ttf */ = {isa = PBXFileReference; lastKnownFileType = file; path = "Geometria-LightItalic.ttf"; sourceTree = "<group>"; };
		353F4A2A2B00E8A100915B04 /* Geometria.ttf */ = {isa = PBXFileReference; lastKnownFileType = file; path = Geometria.ttf; sourceTree = "<group>"; };
		353F4A2B2B00E8A100915B04 /* Geometria-Italic.ttf */ = {isa = PBXFileReference; lastKnownFileType = file; path = "Geometria-Italic.ttf"; sourceTree = "<group>"; };
		353F4A2C2B00E8A100915B04 /* Geometria-ThinItalic.ttf */ = {isa = PBXFileReference; lastKnownFileType = file; path = "Geometria-ThinItalic.ttf"; sourceTree = "<group>"; };
		353F4A3D2B00E9C400915B04 /* MeetsView.swift */ = {isa = PBXFileReference; lastKnownFileType = sourcecode.swift; path = MeetsView.swift; sourceTree = "<group>"; };
		353F4A3F2B0139EB00915B04 /* MeetFiltersView.swift */ = {isa = PBXFileReference; lastKnownFileType = sourcecode.swift; path = MeetFiltersView.swift; sourceTree = "<group>"; };
		353F4A432B020CE000915B04 /* SettingsView.swift */ = {isa = PBXFileReference; lastKnownFileType = sourcecode.swift; path = SettingsView.swift; sourceTree = "<group>"; };
		353F4A452B02227C00915B04 /* UIUtils.swift */ = {isa = PBXFileReference; lastKnownFileType = sourcecode.swift; path = UIUtils.swift; sourceTree = "<group>"; };
		353F4A922B03A57900915B04 /* Swiper.swift */ = {isa = PBXFileReference; lastKnownFileType = sourcecode.swift; path = Swiper.swift; sourceTree = "<group>"; };
		353F4A972B04FFBA00915B04 /* MeetsData.swift */ = {isa = PBXFileReference; lastKnownFileType = sourcecode.swift; path = MeetsData.swift; sourceTree = "<group>"; };
		353F4A9A2B050ACD00915B04 /* UserModel.swift */ = {isa = PBXFileReference; fileEncoding = 4; lastKnownFileType = sourcecode.swift; path = UserModel.swift; sourceTree = "<group>"; };
		353F4A9C2B050AF600915B04 /* MeetModel.swift */ = {isa = PBXFileReference; lastKnownFileType = sourcecode.swift; path = MeetModel.swift; sourceTree = "<group>"; };
		355A02912AFDCDDF007B6C1E /* Info.plist */ = {isa = PBXFileReference; lastKnownFileType = text.plist; path = Info.plist; sourceTree = "<group>"; };
		355A02A42AFDD1D8007B6C1E /* StrangerProfileView.swift */ = {isa = PBXFileReference; lastKnownFileType = sourcecode.swift; path = StrangerProfileView.swift; sourceTree = "<group>"; };
		359E27F82AF5C2A100F95276 /* DetailedInformationView.swift */ = {isa = PBXFileReference; lastKnownFileType = sourcecode.swift; path = DetailedInformationView.swift; sourceTree = "<group>"; };
		359E27FA2AF6397700F95276 /* CalendarView.swift */ = {isa = PBXFileReference; lastKnownFileType = sourcecode.swift; path = CalendarView.swift; sourceTree = "<group>"; };
		35B4263D2AE87CA900ECF0AB /* GT.app */ = {isa = PBXFileReference; explicitFileType = wrapper.application; includeInIndex = 0; path = GT.app; sourceTree = BUILT_PRODUCTS_DIR; };
		35B426402AE87CA900ECF0AB /* GTApp.swift */ = {isa = PBXFileReference; lastKnownFileType = sourcecode.swift; path = GTApp.swift; sourceTree = "<group>"; };
		35B426422AE87CA900ECF0AB /* ContentView.swift */ = {isa = PBXFileReference; lastKnownFileType = sourcecode.swift; path = ContentView.swift; sourceTree = "<group>"; };
		35B426442AE87CAB00ECF0AB /* Assets.xcassets */ = {isa = PBXFileReference; lastKnownFileType = folder.assetcatalog; path = Assets.xcassets; sourceTree = "<group>"; };
		35B426472AE87CAB00ECF0AB /* Preview Assets.xcassets */ = {isa = PBXFileReference; lastKnownFileType = folder.assetcatalog; path = "Preview Assets.xcassets"; sourceTree = "<group>"; };
		35B793802AEB446C000D6780 /* TabBarView.swift */ = {isa = PBXFileReference; lastKnownFileType = sourcecode.swift; path = TabBarView.swift; sourceTree = "<group>"; };
		35B793822AEB44CD000D6780 /* ColorExtension.swift */ = {isa = PBXFileReference; lastKnownFileType = sourcecode.swift; path = ColorExtension.swift; sourceTree = "<group>"; };
		35B793862AEB4792000D6780 /* ProfileView.swift */ = {isa = PBXFileReference; lastKnownFileType = sourcecode.swift; path = ProfileView.swift; sourceTree = "<group>"; };
		35B793882AEB479C000D6780 /* ChatsView.swift */ = {isa = PBXFileReference; lastKnownFileType = sourcecode.swift; path = ChatsView.swift; sourceTree = "<group>"; };
		35BB32512B13ACE0003F44A3 /* MeetsControls.swift */ = {isa = PBXFileReference; lastKnownFileType = sourcecode.swift; path = MeetsControls.swift; sourceTree = "<group>"; };
/* End PBXFileReference section */

/* Begin PBXFrameworksBuildPhase section */
		35B4263A2AE87CA900ECF0AB /* Frameworks */ = {
			isa = PBXFrameworksBuildPhase;
			buildActionMask = 2147483647;
			files = (
			);
			runOnlyForDeploymentPostprocessing = 0;
		};
/* End PBXFrameworksBuildPhase section */

/* Begin PBXGroup section */
		353A917F2AF88788002D6766 /* Profile */ = {
			isa = PBXGroup;
			children = (
				353F4A422B020CC500915B04 /* Settings */,
				35B793862AEB4792000D6780 /* ProfileView.swift */,
				355A02A42AFDD1D8007B6C1E /* StrangerProfileView.swift */,
				353A91802AF8879E002D6766 /* UiComponents */,
			);
			path = Profile;
			sourceTree = "<group>";
		};
		353A91802AF8879E002D6766 /* UiComponents */ = {
			isa = PBXGroup;
			children = (
				353A917D2AF885B4002D6766 /* SegmentControlProfile.swift */,
			);
			path = UiComponents;
			sourceTree = "<group>";
		};
		353F4A412B020CA800915B04 /* Meets */ = {
			isa = PBXGroup;
			children = (
				353F4A922B03A57900915B04 /* Swiper.swift */,
				35BB32512B13ACE0003F44A3 /* MeetsControls.swift */,
				353F4A3D2B00E9C400915B04 /* MeetsView.swift */,
				353F4A3F2B0139EB00915B04 /* MeetFiltersView.swift */,
				359E27F82AF5C2A100F95276 /* DetailedInformationView.swift */,
			);
			path = Meets;
			sourceTree = "<group>";
		};
		353F4A422B020CC500915B04 /* Settings */ = {
			isa = PBXGroup;
			children = (
				353F4A432B020CE000915B04 /* SettingsView.swift */,
			);
			path = Settings;
			sourceTree = "<group>";
		};
		353F4A472B02BEC600915B04 /* UiUtils */ = {
			isa = PBXGroup;
			children = (
				35B793822AEB44CD000D6780 /* ColorExtension.swift */,
				353F4A452B02227C00915B04 /* UIUtils.swift */,
			);
			path = UiUtils;
			sourceTree = "<group>";
		};
		353F4A942B04FF0200915B04 /* Data */ = {
			isa = PBXGroup;
			children = (
				353F4A972B04FFBA00915B04 /* MeetsData.swift */,
			);
			path = Data;
			sourceTree = "<group>";
		};
		353F4A992B04FFDE00915B04 /* Model */ = {
			isa = PBXGroup;
			children = (
				353F4A9A2B050ACD00915B04 /* UserModel.swift */,
				353F4A9C2B050AF600915B04 /* MeetModel.swift */,
			);
			path = Model;
			sourceTree = "<group>";
		};
		355A02922AFDCEFF007B6C1E /* Fonts */ = {
			isa = PBXGroup;
			children = (
				353F4A262B00E8A100915B04 /* Geometria-Bold.ttf */,
				353F4A222B00E8A100915B04 /* Geometria-BoldItalic.ttf */,
				353F4A1F2B00E8A000915B04 /* Geometria-ExtraBold.ttf */,
				353F4A272B00E8A100915B04 /* Geometria-ExtraBoldItalic.ttf */,
				353F4A1E2B00E8A000915B04 /* Geometria-ExtraLight.ttf */,
				353F4A202B00E8A000915B04 /* Geometria-ExtraLightItalic.ttf */,
				353F4A282B00E8A100915B04 /* Geometria-Heavy.ttf */,
				353F4A242B00E8A100915B04 /* Geometria-HeavyItalic.ttf */,
				353F4A2B2B00E8A100915B04 /* Geometria-Italic.ttf */,
				353F4A1D2B00E8A000915B04 /* Geometria-Light.ttf */,
				353F4A292B00E8A100915B04 /* Geometria-LightItalic.ttf */,
				353F4A212B00E8A100915B04 /* Geometria-Medium.ttf */,
				353F4A232B00E8A100915B04 /* Geometria-MediumItalic.ttf */,
				353F4A252B00E8A100915B04 /* Geometria-Thin.ttf */,
				353F4A2C2B00E8A100915B04 /* Geometria-ThinItalic.ttf */,
				353F4A2A2B00E8A100915B04 /* Geometria.ttf */,
				353F49F42B00D58500915B04 /* NeueMachina-Black.ttf */,
				353F49F62B00D58500915B04 /* NeueMachina-Bold.ttf */,
				353F49F52B00D58500915B04 /* NeueMachina-Light.ttf */,
				353F49F72B00D58500915B04 /* NeueMachina-Medium.ttf */,
				353F49F32B00D58500915B04 /* NeueMachina-Regular.ttf */,
				353F49F82B00D58600915B04 /* NeueMachina-Ultrabold.ttf */,
				353F49F92B00D58600915B04 /* NeueMachina-Ultralight.ttf */,
			);
			path = Fonts;
			sourceTree = "<group>";
		};
		35B426342AE87CA900ECF0AB = {
			isa = PBXGroup;
			children = (
				35B4263F2AE87CA900ECF0AB /* GT */,
				35B4263E2AE87CA900ECF0AB /* Products */,
			);
			sourceTree = "<group>";
		};
		35B4263E2AE87CA900ECF0AB /* Products */ = {
			isa = PBXGroup;
			children = (
				35B4263D2AE87CA900ECF0AB /* GT.app */,
			);
			name = Products;
			sourceTree = "<group>";
		};
		35B4263F2AE87CA900ECF0AB /* GT */ = {
			isa = PBXGroup;
			children = (
				355A02922AFDCEFF007B6C1E /* Fonts */,
				353F4A992B04FFDE00915B04 /* Model */,
				353F4A942B04FF0200915B04 /* Data */,
				355A02912AFDCDDF007B6C1E /* Info.plist */,
				35B426402AE87CA900ECF0AB /* GTApp.swift */,
				35B426422AE87CA900ECF0AB /* ContentView.swift */,
				35B426442AE87CAB00ECF0AB /* Assets.xcassets */,
				35B426462AE87CAB00ECF0AB /* Preview Content */,
				35B793802AEB446C000D6780 /* TabBarView.swift */,
				359E27FA2AF6397700F95276 /* CalendarView.swift */,
				353A917F2AF88788002D6766 /* Profile */,
				35B793882AEB479C000D6780 /* ChatsView.swift */,
				353F4A412B020CA800915B04 /* Meets */,
				353F4A472B02BEC600915B04 /* UiUtils */,
			);
			path = GT;
			sourceTree = "<group>";
		};
		35B426462AE87CAB00ECF0AB /* Preview Content */ = {
			isa = PBXGroup;
			children = (
				35B426472AE87CAB00ECF0AB /* Preview Assets.xcassets */,
			);
			path = "Preview Content";
			sourceTree = "<group>";
		};
/* End PBXGroup section */

/* Begin PBXNativeTarget section */
		35B4263C2AE87CA900ECF0AB /* GT */ = {
			isa = PBXNativeTarget;
			buildConfigurationList = 35B4264B2AE87CAB00ECF0AB /* Build configuration list for PBXNativeTarget "GT" */;
			buildPhases = (
				35B426392AE87CA900ECF0AB /* Sources */,
				35B4263A2AE87CA900ECF0AB /* Frameworks */,
				35B4263B2AE87CA900ECF0AB /* Resources */,
			);
			buildRules = (
			);
			dependencies = (
			);
			name = GT;
			productName = GT;
			productReference = 35B4263D2AE87CA900ECF0AB /* GT.app */;
			productType = "com.apple.product-type.application";
		};
/* End PBXNativeTarget section */

/* Begin PBXProject section */
		35B426352AE87CA900ECF0AB /* Project object */ = {
			isa = PBXProject;
			attributes = {
				BuildIndependentTargetsInParallel = 1;
				LastSwiftUpdateCheck = 1500;
				LastUpgradeCheck = 1500;
				TargetAttributes = {
					35B4263C2AE87CA900ECF0AB = {
						CreatedOnToolsVersion = 15.0.1;
					};
				};
			};
			buildConfigurationList = 35B426382AE87CA900ECF0AB /* Build configuration list for PBXProject "GT" */;
			compatibilityVersion = "Xcode 14.0";
			developmentRegion = en;
			hasScannedForEncodings = 0;
			knownRegions = (
				en,
				Base,
			);
			mainGroup = 35B426342AE87CA900ECF0AB;
			productRefGroup = 35B4263E2AE87CA900ECF0AB /* Products */;
			projectDirPath = "";
			projectRoot = "";
			targets = (
				35B4263C2AE87CA900ECF0AB /* GT */,
			);
		};
/* End PBXProject section */

/* Begin PBXResourcesBuildPhase section */
		35B4263B2AE87CA900ECF0AB /* Resources */ = {
			isa = PBXResourcesBuildPhase;
			buildActionMask = 2147483647;
			files = (
				353F4A392B00E8A100915B04 /* Geometria-LightItalic.ttf in Resources */,
				353F4A382B00E8A100915B04 /* Geometria-Heavy.ttf in Resources */,
				353F49FA2B00D58600915B04 /* NeueMachina-Regular.ttf in Resources */,
				353F4A2D2B00E8A100915B04 /* Geometria-Light.ttf in Resources */,
				353F49FC2B00D58600915B04 /* NeueMachina-Light.ttf in Resources */,
				353F4A2F2B00E8A100915B04 /* Geometria-ExtraBold.ttf in Resources */,
				353F4A322B00E8A100915B04 /* Geometria-BoldItalic.ttf in Resources */,
				353F4A372B00E8A100915B04 /* Geometria-ExtraBoldItalic.ttf in Resources */,
				353F4A342B00E8A100915B04 /* Geometria-HeavyItalic.ttf in Resources */,
				353F4A352B00E8A100915B04 /* Geometria-Thin.ttf in Resources */,
				353F4A362B00E8A100915B04 /* Geometria-Bold.ttf in Resources */,
				353F49FF2B00D58600915B04 /* NeueMachina-Ultrabold.ttf in Resources */,
				353F4A002B00D58600915B04 /* NeueMachina-Ultralight.ttf in Resources */,
				35B426482AE87CAB00ECF0AB /* Preview Assets.xcassets in Resources */,
				353F4A312B00E8A100915B04 /* Geometria-Medium.ttf in Resources */,
				353F4A3C2B00E8A100915B04 /* Geometria-ThinItalic.ttf in Resources */,
				353F4A332B00E8A100915B04 /* Geometria-MediumItalic.ttf in Resources */,
				353F4A3A2B00E8A100915B04 /* Geometria.ttf in Resources */,
				353F49FE2B00D58600915B04 /* NeueMachina-Medium.ttf in Resources */,
				353F4A2E2B00E8A100915B04 /* Geometria-ExtraLight.ttf in Resources */,
				353F49FB2B00D58600915B04 /* NeueMachina-Black.ttf in Resources */,
				353F49FD2B00D58600915B04 /* NeueMachina-Bold.ttf in Resources */,
				353F4A3B2B00E8A100915B04 /* Geometria-Italic.ttf in Resources */,
				353F4A302B00E8A100915B04 /* Geometria-ExtraLightItalic.ttf in Resources */,
				35B426452AE87CAB00ECF0AB /* Assets.xcassets in Resources */,
			);
			runOnlyForDeploymentPostprocessing = 0;
		};
/* End PBXResourcesBuildPhase section */

/* Begin PBXSourcesBuildPhase section */
		35B426392AE87CA900ECF0AB /* Sources */ = {
			isa = PBXSourcesBuildPhase;
			buildActionMask = 2147483647;
			files = (
				35B793892AEB479C000D6780 /* ChatsView.swift in Sources */,
				353A917E2AF885B4002D6766 /* SegmentControlProfile.swift in Sources */,
				353F4A982B04FFBA00915B04 /* MeetsData.swift in Sources */,
				353F4A3E2B00E9C400915B04 /* MeetsView.swift in Sources */,
				353F4A462B02227C00915B04 /* UIUtils.swift in Sources */,
				355A02A52AFDD1D8007B6C1E /* StrangerProfileView.swift in Sources */,
				35BB32522B13ACE0003F44A3 /* MeetsControls.swift in Sources */,
				35B426432AE87CA900ECF0AB /* ContentView.swift in Sources */,
				35B793812AEB446C000D6780 /* TabBarView.swift in Sources */,
				353F4A9B2B050ACD00915B04 /* UserModel.swift in Sources */,
				35B426412AE87CA900ECF0AB /* GTApp.swift in Sources */,
				359E27FB2AF6397700F95276 /* CalendarView.swift in Sources */,
				359E27F92AF5C2A100F95276 /* DetailedInformationView.swift in Sources */,
				353F4A9D2B050AF600915B04 /* MeetModel.swift in Sources */,
				35B793872AEB4792000D6780 /* ProfileView.swift in Sources */,
				35B793832AEB44CD000D6780 /* ColorExtension.swift in Sources */,
				353F4A932B03A57900915B04 /* Swiper.swift in Sources */,
				353F4A402B0139EB00915B04 /* MeetFiltersView.swift in Sources */,
				353F4A442B020CE000915B04 /* SettingsView.swift in Sources */,
			);
			runOnlyForDeploymentPostprocessing = 0;
		};
/* End PBXSourcesBuildPhase section */

/* Begin XCBuildConfiguration section */
		35B426492AE87CAB00ECF0AB /* Debug */ = {
			isa = XCBuildConfiguration;
			buildSettings = {
				ALWAYS_SEARCH_USER_PATHS = NO;
				ASSETCATALOG_COMPILER_GENERATE_SWIFT_ASSET_SYMBOL_EXTENSIONS = YES;
				CLANG_ANALYZER_NONNULL = YES;
				CLANG_ANALYZER_NUMBER_OBJECT_CONVERSION = YES_AGGRESSIVE;
				CLANG_CXX_LANGUAGE_STANDARD = "gnu++20";
				CLANG_ENABLE_MODULES = YES;
				CLANG_ENABLE_OBJC_ARC = YES;
				CLANG_ENABLE_OBJC_WEAK = YES;
				CLANG_WARN_BLOCK_CAPTURE_AUTORELEASING = YES;
				CLANG_WARN_BOOL_CONVERSION = YES;
				CLANG_WARN_COMMA = YES;
				CLANG_WARN_CONSTANT_CONVERSION = YES;
				CLANG_WARN_DEPRECATED_OBJC_IMPLEMENTATIONS = YES;
				CLANG_WARN_DIRECT_OBJC_ISA_USAGE = YES_ERROR;
				CLANG_WARN_DOCUMENTATION_COMMENTS = YES;
				CLANG_WARN_EMPTY_BODY = YES;
				CLANG_WARN_ENUM_CONVERSION = YES;
				CLANG_WARN_INFINITE_RECURSION = YES;
				CLANG_WARN_INT_CONVERSION = YES;
				CLANG_WARN_NON_LITERAL_NULL_CONVERSION = YES;
				CLANG_WARN_OBJC_IMPLICIT_RETAIN_SELF = YES;
				CLANG_WARN_OBJC_LITERAL_CONVERSION = YES;
				CLANG_WARN_OBJC_ROOT_CLASS = YES_ERROR;
				CLANG_WARN_QUOTED_INCLUDE_IN_FRAMEWORK_HEADER = YES;
				CLANG_WARN_RANGE_LOOP_ANALYSIS = YES;
				CLANG_WARN_STRICT_PROTOTYPES = YES;
				CLANG_WARN_SUSPICIOUS_MOVE = YES;
				CLANG_WARN_UNGUARDED_AVAILABILITY = YES_AGGRESSIVE;
				CLANG_WARN_UNREACHABLE_CODE = YES;
				CLANG_WARN__DUPLICATE_METHOD_MATCH = YES;
				COPY_PHASE_STRIP = NO;
				DEBUG_INFORMATION_FORMAT = dwarf;
				ENABLE_STRICT_OBJC_MSGSEND = YES;
				ENABLE_TESTABILITY = YES;
				ENABLE_USER_SCRIPT_SANDBOXING = YES;
				GCC_C_LANGUAGE_STANDARD = gnu17;
				GCC_DYNAMIC_NO_PIC = NO;
				GCC_NO_COMMON_BLOCKS = YES;
				GCC_OPTIMIZATION_LEVEL = 0;
				GCC_PREPROCESSOR_DEFINITIONS = (
					"DEBUG=1",
					"$(inherited)",
				);
				GCC_WARN_64_TO_32_BIT_CONVERSION = YES;
				GCC_WARN_ABOUT_RETURN_TYPE = YES_ERROR;
				GCC_WARN_UNDECLARED_SELECTOR = YES;
				GCC_WARN_UNINITIALIZED_AUTOS = YES_AGGRESSIVE;
				GCC_WARN_UNUSED_FUNCTION = YES;
				GCC_WARN_UNUSED_VARIABLE = YES;
				IPHONEOS_DEPLOYMENT_TARGET = 16.0;
				LOCALIZATION_PREFERS_STRING_CATALOGS = YES;
				MTL_ENABLE_DEBUG_INFO = INCLUDE_SOURCE;
				MTL_FAST_MATH = YES;
				ONLY_ACTIVE_ARCH = YES;
				SDKROOT = iphoneos;
				SWIFT_ACTIVE_COMPILATION_CONDITIONS = "DEBUG $(inherited)";
				SWIFT_OPTIMIZATION_LEVEL = "-Onone";
			};
			name = Debug;
		};
		35B4264A2AE87CAB00ECF0AB /* Release */ = {
			isa = XCBuildConfiguration;
			buildSettings = {
				ALWAYS_SEARCH_USER_PATHS = NO;
				ASSETCATALOG_COMPILER_GENERATE_SWIFT_ASSET_SYMBOL_EXTENSIONS = YES;
				CLANG_ANALYZER_NONNULL = YES;
				CLANG_ANALYZER_NUMBER_OBJECT_CONVERSION = YES_AGGRESSIVE;
				CLANG_CXX_LANGUAGE_STANDARD = "gnu++20";
				CLANG_ENABLE_MODULES = YES;
				CLANG_ENABLE_OBJC_ARC = YES;
				CLANG_ENABLE_OBJC_WEAK = YES;
				CLANG_WARN_BLOCK_CAPTURE_AUTORELEASING = YES;
				CLANG_WARN_BOOL_CONVERSION = YES;
				CLANG_WARN_COMMA = YES;
				CLANG_WARN_CONSTANT_CONVERSION = YES;
				CLANG_WARN_DEPRECATED_OBJC_IMPLEMENTATIONS = YES;
				CLANG_WARN_DIRECT_OBJC_ISA_USAGE = YES_ERROR;
				CLANG_WARN_DOCUMENTATION_COMMENTS = YES;
				CLANG_WARN_EMPTY_BODY = YES;
				CLANG_WARN_ENUM_CONVERSION = YES;
				CLANG_WARN_INFINITE_RECURSION = YES;
				CLANG_WARN_INT_CONVERSION = YES;
				CLANG_WARN_NON_LITERAL_NULL_CONVERSION = YES;
				CLANG_WARN_OBJC_IMPLICIT_RETAIN_SELF = YES;
				CLANG_WARN_OBJC_LITERAL_CONVERSION = YES;
				CLANG_WARN_OBJC_ROOT_CLASS = YES_ERROR;
				CLANG_WARN_QUOTED_INCLUDE_IN_FRAMEWORK_HEADER = YES;
				CLANG_WARN_RANGE_LOOP_ANALYSIS = YES;
				CLANG_WARN_STRICT_PROTOTYPES = YES;
				CLANG_WARN_SUSPICIOUS_MOVE = YES;
				CLANG_WARN_UNGUARDED_AVAILABILITY = YES_AGGRESSIVE;
				CLANG_WARN_UNREACHABLE_CODE = YES;
				CLANG_WARN__DUPLICATE_METHOD_MATCH = YES;
				COPY_PHASE_STRIP = NO;
				DEBUG_INFORMATION_FORMAT = "dwarf-with-dsym";
				ENABLE_NS_ASSERTIONS = NO;
				ENABLE_STRICT_OBJC_MSGSEND = YES;
				ENABLE_USER_SCRIPT_SANDBOXING = YES;
				GCC_C_LANGUAGE_STANDARD = gnu17;
				GCC_NO_COMMON_BLOCKS = YES;
				GCC_WARN_64_TO_32_BIT_CONVERSION = YES;
				GCC_WARN_ABOUT_RETURN_TYPE = YES_ERROR;
				GCC_WARN_UNDECLARED_SELECTOR = YES;
				GCC_WARN_UNINITIALIZED_AUTOS = YES_AGGRESSIVE;
				GCC_WARN_UNUSED_FUNCTION = YES;
				GCC_WARN_UNUSED_VARIABLE = YES;
				IPHONEOS_DEPLOYMENT_TARGET = 16.0;
				LOCALIZATION_PREFERS_STRING_CATALOGS = YES;
				MTL_ENABLE_DEBUG_INFO = NO;
				MTL_FAST_MATH = YES;
				SDKROOT = iphoneos;
				SWIFT_COMPILATION_MODE = wholemodule;
				VALIDATE_PRODUCT = YES;
			};
			name = Release;
		};
		35B4264C2AE87CAB00ECF0AB /* Debug */ = {
			isa = XCBuildConfiguration;
			buildSettings = {
				ASSETCATALOG_COMPILER_APPICON_NAME = AppIcon;
				ASSETCATALOG_COMPILER_GLOBAL_ACCENT_COLOR_NAME = AccentColor;
				CODE_SIGN_STYLE = Automatic;
				CURRENT_PROJECT_VERSION = 1;
				DEVELOPMENT_ASSET_PATHS = "\"GT/Preview Content\"";
				DEVELOPMENT_TEAM = 6VNYR4J53J;
				ENABLE_PREVIEWS = YES;
				GENERATE_INFOPLIST_FILE = YES;
				INFOPLIST_FILE = GT/Info.plist;
				INFOPLIST_KEY_UIApplicationSceneManifest_Generation = YES;
				INFOPLIST_KEY_UIApplicationSupportsIndirectInputEvents = YES;
				INFOPLIST_KEY_UILaunchScreen_Generation = YES;
				INFOPLIST_KEY_UISupportedInterfaceOrientations = UIInterfaceOrientationPortrait;
				INFOPLIST_KEY_UISupportedInterfaceOrientations_iPad = "UIInterfaceOrientationPortrait UIInterfaceOrientationPortraitUpsideDown";
				IPHONEOS_DEPLOYMENT_TARGET = 16.0;
				LD_RUNPATH_SEARCH_PATHS = (
					"$(inherited)",
					"@executable_path/Frameworks",
				);
				MARKETING_VERSION = 1.0;
				PRODUCT_BUNDLE_IDENTIFIER = Uladzislau.GT;
				PRODUCT_NAME = "$(TARGET_NAME)";
				SWIFT_EMIT_LOC_STRINGS = YES;
				SWIFT_VERSION = 5.0;
				TARGETED_DEVICE_FAMILY = "1,2";
			};
			name = Debug;
		};
		35B4264D2AE87CAB00ECF0AB /* Release */ = {
			isa = XCBuildConfiguration;
			buildSettings = {
				ASSETCATALOG_COMPILER_APPICON_NAME = AppIcon;
				ASSETCATALOG_COMPILER_GLOBAL_ACCENT_COLOR_NAME = AccentColor;
				CODE_SIGN_STYLE = Automatic;
				CURRENT_PROJECT_VERSION = 1;
				DEVELOPMENT_ASSET_PATHS = "\"GT/Preview Content\"";
				DEVELOPMENT_TEAM = 6VNYR4J53J;
				ENABLE_PREVIEWS = YES;
				GENERATE_INFOPLIST_FILE = YES;
				INFOPLIST_FILE = GT/Info.plist;
				INFOPLIST_KEY_UIApplicationSceneManifest_Generation = YES;
				INFOPLIST_KEY_UIApplicationSupportsIndirectInputEvents = YES;
				INFOPLIST_KEY_UILaunchScreen_Generation = YES;
				INFOPLIST_KEY_UISupportedInterfaceOrientations = UIInterfaceOrientationPortrait;
				INFOPLIST_KEY_UISupportedInterfaceOrientations_iPad = "UIInterfaceOrientationPortrait UIInterfaceOrientationPortraitUpsideDown";
				IPHONEOS_DEPLOYMENT_TARGET = 16.0;
				LD_RUNPATH_SEARCH_PATHS = (
					"$(inherited)",
					"@executable_path/Frameworks",
				);
				MARKETING_VERSION = 1.0;
				PRODUCT_BUNDLE_IDENTIFIER = Uladzislau.GT;
				PRODUCT_NAME = "$(TARGET_NAME)";
				SWIFT_EMIT_LOC_STRINGS = YES;
				SWIFT_VERSION = 5.0;
				TARGETED_DEVICE_FAMILY = "1,2";
			};
			name = Release;
		};
/* End XCBuildConfiguration section */

/* Begin XCConfigurationList section */
		35B426382AE87CA900ECF0AB /* Build configuration list for PBXProject "GT" */ = {
			isa = XCConfigurationList;
			buildConfigurations = (
				35B426492AE87CAB00ECF0AB /* Debug */,
				35B4264A2AE87CAB00ECF0AB /* Release */,
			);
			defaultConfigurationIsVisible = 0;
			defaultConfigurationName = Release;
		};
		35B4264B2AE87CAB00ECF0AB /* Build configuration list for PBXNativeTarget "GT" */ = {
			isa = XCConfigurationList;
			buildConfigurations = (
				35B4264C2AE87CAB00ECF0AB /* Debug */,
				35B4264D2AE87CAB00ECF0AB /* Release */,
			);
			defaultConfigurationIsVisible = 0;
			defaultConfigurationName = Release;
		};
/* End XCConfigurationList section */
	};
	rootObject = 35B426352AE87CA900ECF0AB /* Project object */;
}
